// !$*UTF8*$!
{
	archiveVersion = 1;
	classes = {
	};
	objectVersion = 46;
	objects = {

/* Begin PBXBuildFile section */
		1D657FB74189AB813D112981 /* Pods_desafio_iosUITests.framework in Frameworks */ = {isa = PBXBuildFile; fileRef = 9B2D23DA5B342F0AC4DCBB62 /* Pods_desafio_iosUITests.framework */; };
		2A8D6C3D65DCE04DE1DFE90C /* Pods_desafio_iosTests.framework in Frameworks */ = {isa = PBXBuildFile; fileRef = 0C01A216B131D21452866F29 /* Pods_desafio_iosTests.framework */; };
		7DAA15E71E9D0D6166A0B2E3 /* Pods_desafio_ios.framework in Frameworks */ = {isa = PBXBuildFile; fileRef = 50C47C8DE713E60BB64831C8 /* Pods_desafio_ios.framework */; };
		BE1B36761E1BD13300091A27 /* AppDelegate.swift in Sources */ = {isa = PBXBuildFile; fileRef = BE1B36751E1BD13300091A27 /* AppDelegate.swift */; };
		BE1B36781E1BD13300091A27 /* ViewController.swift in Sources */ = {isa = PBXBuildFile; fileRef = BE1B36771E1BD13300091A27 /* ViewController.swift */; };
		BE1B367B1E1BD13300091A27 /* Main.storyboard in Resources */ = {isa = PBXBuildFile; fileRef = BE1B36791E1BD13300091A27 /* Main.storyboard */; };
		BE1B367D1E1BD13300091A27 /* Assets.xcassets in Resources */ = {isa = PBXBuildFile; fileRef = BE1B367C1E1BD13300091A27 /* Assets.xcassets */; };
		BE1B36801E1BD13300091A27 /* LaunchScreen.storyboard in Resources */ = {isa = PBXBuildFile; fileRef = BE1B367E1E1BD13300091A27 /* LaunchScreen.storyboard */; };
		BE1B368B1E1BD13300091A27 /* desafio_iosTests.swift in Sources */ = {isa = PBXBuildFile; fileRef = BE1B368A1E1BD13300091A27 /* desafio_iosTests.swift */; };
		BE1B36961E1BD13300091A27 /* desafio_iosUITests.swift in Sources */ = {isa = PBXBuildFile; fileRef = BE1B36951E1BD13300091A27 /* desafio_iosUITests.swift */; };
/* End PBXBuildFile section */

/* Begin PBXContainerItemProxy section */
		BE1B36871E1BD13300091A27 /* PBXContainerItemProxy */ = {
			isa = PBXContainerItemProxy;
			containerPortal = BE1B366A1E1BD13300091A27 /* Project object */;
			proxyType = 1;
			remoteGlobalIDString = BE1B36711E1BD13300091A27;
			remoteInfo = "desafio-ios";
		};
		BE1B36921E1BD13300091A27 /* PBXContainerItemProxy */ = {
			isa = PBXContainerItemProxy;
			containerPortal = BE1B366A1E1BD13300091A27 /* Project object */;
			proxyType = 1;
			remoteGlobalIDString = BE1B36711E1BD13300091A27;
			remoteInfo = "desafio-ios";
		};
/* End PBXContainerItemProxy section */

/* Begin PBXFileReference section */
		0C01A216B131D21452866F29 /* Pods_desafio_iosTests.framework */ = {isa = PBXFileReference; explicitFileType = wrapper.framework; includeInIndex = 0; path = Pods_desafio_iosTests.framework; sourceTree = BUILT_PRODUCTS_DIR; };
		2DD43658359E339FD21D586D /* Pods-desafio-iosTests.debug.xcconfig */ = {isa = PBXFileReference; includeInIndex = 1; lastKnownFileType = text.xcconfig; name = "Pods-desafio-iosTests.debug.xcconfig"; path = "Pods/Target Support Files/Pods-desafio-iosTests/Pods-desafio-iosTests.debug.xcconfig"; sourceTree = "<group>"; };
		4E231FAA8D4AD93D7C22CE33 /* Pods-desafio-ios.debug.xcconfig */ = {isa = PBXFileReference; includeInIndex = 1; lastKnownFileType = text.xcconfig; name = "Pods-desafio-ios.debug.xcconfig"; path = "Pods/Target Support Files/Pods-desafio-ios/Pods-desafio-ios.debug.xcconfig"; sourceTree = "<group>"; };
		50C47C8DE713E60BB64831C8 /* Pods_desafio_ios.framework */ = {isa = PBXFileReference; explicitFileType = wrapper.framework; includeInIndex = 0; path = Pods_desafio_ios.framework; sourceTree = BUILT_PRODUCTS_DIR; };
		6D57D9A181E5482ED7D5BF7D /* Pods-desafio-ios.release.xcconfig */ = {isa = PBXFileReference; includeInIndex = 1; lastKnownFileType = text.xcconfig; name = "Pods-desafio-ios.release.xcconfig"; path = "Pods/Target Support Files/Pods-desafio-ios/Pods-desafio-ios.release.xcconfig"; sourceTree = "<group>"; };
		80282B1125DEB8F9C506530F /* Pods-desafio-iosUITests.debug.xcconfig */ = {isa = PBXFileReference; includeInIndex = 1; lastKnownFileType = text.xcconfig; name = "Pods-desafio-iosUITests.debug.xcconfig"; path = "Pods/Target Support Files/Pods-desafio-iosUITests/Pods-desafio-iosUITests.debug.xcconfig"; sourceTree = "<group>"; };
		86A80AFA51D37675EDDAB70F /* Pods-desafio-iosTests.release.xcconfig */ = {isa = PBXFileReference; includeInIndex = 1; lastKnownFileType = text.xcconfig; name = "Pods-desafio-iosTests.release.xcconfig"; path = "Pods/Target Support Files/Pods-desafio-iosTests/Pods-desafio-iosTests.release.xcconfig"; sourceTree = "<group>"; };
		9B2D23DA5B342F0AC4DCBB62 /* Pods_desafio_iosUITests.framework */ = {isa = PBXFileReference; explicitFileType = wrapper.framework; includeInIndex = 0; path = Pods_desafio_iosUITests.framework; sourceTree = BUILT_PRODUCTS_DIR; };
		B309E85550045BB7A970AA9A /* Pods-desafio-iosUITests.release.xcconfig */ = {isa = PBXFileReference; includeInIndex = 1; lastKnownFileType = text.xcconfig; name = "Pods-desafio-iosUITests.release.xcconfig"; path = "Pods/Target Support Files/Pods-desafio-iosUITests/Pods-desafio-iosUITests.release.xcconfig"; sourceTree = "<group>"; };
		BE1B36721E1BD13300091A27 /* desafio-ios.app */ = {isa = PBXFileReference; explicitFileType = wrapper.application; includeInIndex = 0; path = "desafio-ios.app"; sourceTree = BUILT_PRODUCTS_DIR; };
		BE1B36751E1BD13300091A27 /* AppDelegate.swift */ = {isa = PBXFileReference; lastKnownFileType = sourcecode.swift; path = AppDelegate.swift; sourceTree = "<group>"; };
		BE1B36771E1BD13300091A27 /* ViewController.swift */ = {isa = PBXFileReference; lastKnownFileType = sourcecode.swift; path = ViewController.swift; sourceTree = "<group>"; };
		BE1B367A1E1BD13300091A27 /* Base */ = {isa = PBXFileReference; lastKnownFileType = file.storyboard; name = Base; path = Base.lproj/Main.storyboard; sourceTree = "<group>"; };
		BE1B367C1E1BD13300091A27 /* Assets.xcassets */ = {isa = PBXFileReference; lastKnownFileType = folder.assetcatalog; path = Assets.xcassets; sourceTree = "<group>"; };
		BE1B367F1E1BD13300091A27 /* Base */ = {isa = PBXFileReference; lastKnownFileType = file.storyboard; name = Base; path = Base.lproj/LaunchScreen.storyboard; sourceTree = "<group>"; };
		BE1B36811E1BD13300091A27 /* Info.plist */ = {isa = PBXFileReference; lastKnownFileType = text.plist.xml; path = Info.plist; sourceTree = "<group>"; };
		BE1B36861E1BD13300091A27 /* desafio-iosTests.xctest */ = {isa = PBXFileReference; explicitFileType = wrapper.cfbundle; includeInIndex = 0; path = "desafio-iosTests.xctest"; sourceTree = BUILT_PRODUCTS_DIR; };
		BE1B368A1E1BD13300091A27 /* desafio_iosTests.swift */ = {isa = PBXFileReference; lastKnownFileType = sourcecode.swift; path = desafio_iosTests.swift; sourceTree = "<group>"; };
		BE1B368C1E1BD13300091A27 /* Info.plist */ = {isa = PBXFileReference; lastKnownFileType = text.plist.xml; path = Info.plist; sourceTree = "<group>"; };
		BE1B36911E1BD13300091A27 /* desafio-iosUITests.xctest */ = {isa = PBXFileReference; explicitFileType = wrapper.cfbundle; includeInIndex = 0; path = "desafio-iosUITests.xctest"; sourceTree = BUILT_PRODUCTS_DIR; };
		BE1B36951E1BD13300091A27 /* desafio_iosUITests.swift */ = {isa = PBXFileReference; lastKnownFileType = sourcecode.swift; path = desafio_iosUITests.swift; sourceTree = "<group>"; };
		BE1B36971E1BD13300091A27 /* Info.plist */ = {isa = PBXFileReference; lastKnownFileType = text.plist.xml; path = Info.plist; sourceTree = "<group>"; };
/* End PBXFileReference section */

/* Begin PBXFrameworksBuildPhase section */
		BE1B366F1E1BD13300091A27 /* Frameworks */ = {
			isa = PBXFrameworksBuildPhase;
			buildActionMask = 2147483647;
			files = (
				7DAA15E71E9D0D6166A0B2E3 /* Pods_desafio_ios.framework in Frameworks */,
			);
			runOnlyForDeploymentPostprocessing = 0;
		};
		BE1B36831E1BD13300091A27 /* Frameworks */ = {
			isa = PBXFrameworksBuildPhase;
			buildActionMask = 2147483647;
			files = (
				2A8D6C3D65DCE04DE1DFE90C /* Pods_desafio_iosTests.framework in Frameworks */,
			);
			runOnlyForDeploymentPostprocessing = 0;
		};
		BE1B368E1E1BD13300091A27 /* Frameworks */ = {
			isa = PBXFrameworksBuildPhase;
			buildActionMask = 2147483647;
			files = (
				1D657FB74189AB813D112981 /* Pods_desafio_iosUITests.framework in Frameworks */,
			);
			runOnlyForDeploymentPostprocessing = 0;
		};
/* End PBXFrameworksBuildPhase section */

/* Begin PBXGroup section */
		81814D825DA95D9D57410B1D /* Pods */ = {
			isa = PBXGroup;
			children = (
				4E231FAA8D4AD93D7C22CE33 /* Pods-desafio-ios.debug.xcconfig */,
				6D57D9A181E5482ED7D5BF7D /* Pods-desafio-ios.release.xcconfig */,
				2DD43658359E339FD21D586D /* Pods-desafio-iosTests.debug.xcconfig */,
				86A80AFA51D37675EDDAB70F /* Pods-desafio-iosTests.release.xcconfig */,
				80282B1125DEB8F9C506530F /* Pods-desafio-iosUITests.debug.xcconfig */,
				B309E85550045BB7A970AA9A /* Pods-desafio-iosUITests.release.xcconfig */,
			);
			name = Pods;
			sourceTree = "<group>";
		};
		BE1B36691E1BD13300091A27 = {
			isa = PBXGroup;
			children = (
				BE1B36741E1BD13300091A27 /* desafio-ios */,
				BE1B36891E1BD13300091A27 /* desafio-iosTests */,
				BE1B36941E1BD13300091A27 /* desafio-iosUITests */,
				BE1B36731E1BD13300091A27 /* Products */,
				81814D825DA95D9D57410B1D /* Pods */,
				D51FC9EE6BFED1A5C0464FBF /* Frameworks */,
			);
			sourceTree = "<group>";
		};
		BE1B36731E1BD13300091A27 /* Products */ = {
			isa = PBXGroup;
			children = (
				BE1B36721E1BD13300091A27 /* desafio-ios.app */,
				BE1B36861E1BD13300091A27 /* desafio-iosTests.xctest */,
				BE1B36911E1BD13300091A27 /* desafio-iosUITests.xctest */,
			);
			name = Products;
			sourceTree = "<group>";
		};
		BE1B36741E1BD13300091A27 /* desafio-ios */ = {
			isa = PBXGroup;
			children = (
				BE1B36751E1BD13300091A27 /* AppDelegate.swift */,
				BE1B36771E1BD13300091A27 /* ViewController.swift */,
				BE1B36791E1BD13300091A27 /* Main.storyboard */,
				BE1B367C1E1BD13300091A27 /* Assets.xcassets */,
				BE1B367E1E1BD13300091A27 /* LaunchScreen.storyboard */,
				BE1B36811E1BD13300091A27 /* Info.plist */,
			);
			path = "desafio-ios";
			sourceTree = "<group>";
		};
		BE1B36891E1BD13300091A27 /* desafio-iosTests */ = {
			isa = PBXGroup;
			children = (
				BE1B368A1E1BD13300091A27 /* desafio_iosTests.swift */,
				BE1B368C1E1BD13300091A27 /* Info.plist */,
			);
			path = "desafio-iosTests";
			sourceTree = "<group>";
		};
		BE1B36941E1BD13300091A27 /* desafio-iosUITests */ = {
			isa = PBXGroup;
			children = (
				BE1B36951E1BD13300091A27 /* desafio_iosUITests.swift */,
				BE1B36971E1BD13300091A27 /* Info.plist */,
			);
			path = "desafio-iosUITests";
			sourceTree = "<group>";
		};
		D51FC9EE6BFED1A5C0464FBF /* Frameworks */ = {
			isa = PBXGroup;
			children = (
				50C47C8DE713E60BB64831C8 /* Pods_desafio_ios.framework */,
				0C01A216B131D21452866F29 /* Pods_desafio_iosTests.framework */,
				9B2D23DA5B342F0AC4DCBB62 /* Pods_desafio_iosUITests.framework */,
			);
			name = Frameworks;
			sourceTree = "<group>";
		};
/* End PBXGroup section */

/* Begin PBXNativeTarget section */
		BE1B36711E1BD13300091A27 /* desafio-ios */ = {
			isa = PBXNativeTarget;
			buildConfigurationList = BE1B369A1E1BD13300091A27 /* Build configuration list for PBXNativeTarget "desafio-ios" */;
			buildPhases = (
				9598F82D256E5F7F35F9BFE2 /* [CP] Check Pods Manifest.lock */,
				BE1B366E1E1BD13300091A27 /* Sources */,
				BE1B366F1E1BD13300091A27 /* Frameworks */,
				BE1B36701E1BD13300091A27 /* Resources */,
				6834A935DF0D1159948E6A7B /* [CP] Embed Pods Frameworks */,
				95DD16AFE1A7661BD14CDA60 /* [CP] Copy Pods Resources */,
			);
			buildRules = (
			);
			dependencies = (
			);
			name = "desafio-ios";
			productName = "desafio-ios";
			productReference = BE1B36721E1BD13300091A27 /* desafio-ios.app */;
			productType = "com.apple.product-type.application";
		};
		BE1B36851E1BD13300091A27 /* desafio-iosTests */ = {
			isa = PBXNativeTarget;
			buildConfigurationList = BE1B369D1E1BD13300091A27 /* Build configuration list for PBXNativeTarget "desafio-iosTests" */;
			buildPhases = (
				EADA509150E349ABA725459A /* [CP] Check Pods Manifest.lock */,
				BE1B36821E1BD13300091A27 /* Sources */,
				BE1B36831E1BD13300091A27 /* Frameworks */,
				BE1B36841E1BD13300091A27 /* Resources */,
				8658B6C28B11A62E3FFF0563 /* [CP] Embed Pods Frameworks */,
				25849F479873C67BB6E52A0A /* [CP] Copy Pods Resources */,
			);
			buildRules = (
			);
			dependencies = (
				BE1B36881E1BD13300091A27 /* PBXTargetDependency */,
			);
			name = "desafio-iosTests";
			productName = "desafio-iosTests";
			productReference = BE1B36861E1BD13300091A27 /* desafio-iosTests.xctest */;
			productType = "com.apple.product-type.bundle.unit-test";
		};
		BE1B36901E1BD13300091A27 /* desafio-iosUITests */ = {
			isa = PBXNativeTarget;
			buildConfigurationList = BE1B36A01E1BD13300091A27 /* Build configuration list for PBXNativeTarget "desafio-iosUITests" */;
			buildPhases = (
				18891EDD46DA10D1A4B126CA /* [CP] Check Pods Manifest.lock */,
				BE1B368D1E1BD13300091A27 /* Sources */,
				BE1B368E1E1BD13300091A27 /* Frameworks */,
				BE1B368F1E1BD13300091A27 /* Resources */,
				E792FF3312125F118EFD4304 /* [CP] Embed Pods Frameworks */,
				A67008DAB4C674A82DECEBFB /* [CP] Copy Pods Resources */,
			);
			buildRules = (
			);
			dependencies = (
				BE1B36931E1BD13300091A27 /* PBXTargetDependency */,
			);
			name = "desafio-iosUITests";
			productName = "desafio-iosUITests";
			productReference = BE1B36911E1BD13300091A27 /* desafio-iosUITests.xctest */;
			productType = "com.apple.product-type.bundle.ui-testing";
		};
/* End PBXNativeTarget section */

/* Begin PBXProject section */
		BE1B366A1E1BD13300091A27 /* Project object */ = {
			isa = PBXProject;
			attributes = {
				LastSwiftUpdateCheck = 0820;
				LastUpgradeCheck = 0820;
				ORGANIZATIONNAME = Arena;
				TargetAttributes = {
					BE1B36711E1BD13300091A27 = {
						CreatedOnToolsVersion = 8.2.1;
						DevelopmentTeam = N88S4A5QL4;
						ProvisioningStyle = Automatic;
					};
					BE1B36851E1BD13300091A27 = {
						CreatedOnToolsVersion = 8.2.1;
						DevelopmentTeam = N88S4A5QL4;
						ProvisioningStyle = Automatic;
						TestTargetID = BE1B36711E1BD13300091A27;
					};
					BE1B36901E1BD13300091A27 = {
						CreatedOnToolsVersion = 8.2.1;
						DevelopmentTeam = N88S4A5QL4;
						ProvisioningStyle = Automatic;
						TestTargetID = BE1B36711E1BD13300091A27;
					};
				};
			};
			buildConfigurationList = BE1B366D1E1BD13300091A27 /* Build configuration list for PBXProject "desafio-ios" */;
			compatibilityVersion = "Xcode 3.2";
			developmentRegion = English;
			hasScannedForEncodings = 0;
			knownRegions = (
				en,
				Base,
			);
			mainGroup = BE1B36691E1BD13300091A27;
			productRefGroup = BE1B36731E1BD13300091A27 /* Products */;
			projectDirPath = "";
			projectRoot = "";
			targets = (
				BE1B36711E1BD13300091A27 /* desafio-ios */,
				BE1B36851E1BD13300091A27 /* desafio-iosTests */,
				BE1B36901E1BD13300091A27 /* desafio-iosUITests */,
			);
		};
/* End PBXProject section */

/* Begin PBXResourcesBuildPhase section */
		BE1B36701E1BD13300091A27 /* Resources */ = {
			isa = PBXResourcesBuildPhase;
			buildActionMask = 2147483647;
			files = (
				BE1B36801E1BD13300091A27 /* LaunchScreen.storyboard in Resources */,
				BE1B367D1E1BD13300091A27 /* Assets.xcassets in Resources */,
				BE1B367B1E1BD13300091A27 /* Main.storyboard in Resources */,
			);
			runOnlyForDeploymentPostprocessing = 0;
		};
		BE1B36841E1BD13300091A27 /* Resources */ = {
			isa = PBXResourcesBuildPhase;
			buildActionMask = 2147483647;
			files = (
			);
			runOnlyForDeploymentPostprocessing = 0;
		};
		BE1B368F1E1BD13300091A27 /* Resources */ = {
			isa = PBXResourcesBuildPhase;
			buildActionMask = 2147483647;
			files = (
			);
			runOnlyForDeploymentPostprocessing = 0;
		};
/* End PBXResourcesBuildPhase section */

/* Begin PBXShellScriptBuildPhase section */
		18891EDD46DA10D1A4B126CA /* [CP] Check Pods Manifest.lock */ = {
			isa = PBXShellScriptBuildPhase;
			buildActionMask = 2147483647;
			files = (
			);
			inputPaths = (
			);
			name = "[CP] Check Pods Manifest.lock";
			outputPaths = (
			);
			runOnlyForDeploymentPostprocessing = 0;
			shellPath = /bin/sh;
			shellScript = "diff \"${PODS_ROOT}/../Podfile.lock\" \"${PODS_ROOT}/Manifest.lock\" > /dev/null\nif [ $? != 0 ] ; then\n    # print error to STDERR\n    echo \"error: The sandbox is not in sync with the Podfile.lock. Run 'pod install' or update your CocoaPods installation.\" >&2\n    exit 1\nfi\n";
			showEnvVarsInLog = 0;
		};
		25849F479873C67BB6E52A0A /* [CP] Copy Pods Resources */ = {
			isa = PBXShellScriptBuildPhase;
			buildActionMask = 2147483647;
			files = (
			);
			inputPaths = (
			);
			name = "[CP] Copy Pods Resources";
			outputPaths = (
			);
			runOnlyForDeploymentPostprocessing = 0;
			shellPath = /bin/sh;
			shellScript = "\"${SRCROOT}/Pods/Target Support Files/Pods-desafio-iosTests/Pods-desafio-iosTests-resources.sh\"\n";
			showEnvVarsInLog = 0;
		};
		6834A935DF0D1159948E6A7B /* [CP] Embed Pods Frameworks */ = {
			isa = PBXShellScriptBuildPhase;
			buildActionMask = 2147483647;
			files = (
			);
			inputPaths = (
			);
			name = "[CP] Embed Pods Frameworks";
			outputPaths = (
			);
			runOnlyForDeploymentPostprocessing = 0;
			shellPath = /bin/sh;
			shellScript = "\"${SRCROOT}/Pods/Target Support Files/Pods-desafio-ios/Pods-desafio-ios-frameworks.sh\"\n";
			showEnvVarsInLog = 0;
		};
		8658B6C28B11A62E3FFF0563 /* [CP] Embed Pods Frameworks */ = {
			isa = PBXShellScriptBuildPhase;
			buildActionMask = 2147483647;
			files = (
			);
			inputPaths = (
			);
			name = "[CP] Embed Pods Frameworks";
			outputPaths = (
			);
			runOnlyForDeploymentPostprocessing = 0;
			shellPath = /bin/sh;
			shellScript = "\"${SRCROOT}/Pods/Target Support Files/Pods-desafio-iosTests/Pods-desafio-iosTests-frameworks.sh\"\n";
			showEnvVarsInLog = 0;
		};
		9598F82D256E5F7F35F9BFE2 /* [CP] Check Pods Manifest.lock */ = {
			isa = PBXShellScriptBuildPhase;
			buildActionMask = 2147483647;
			files = (
			);
			inputPaths = (
			);
			name = "[CP] Check Pods Manifest.lock";
			outputPaths = (
			);
			runOnlyForDeploymentPostprocessing = 0;
			shellPath = /bin/sh;
			shellScript = "diff \"${PODS_ROOT}/../Podfile.lock\" \"${PODS_ROOT}/Manifest.lock\" > /dev/null\nif [ $? != 0 ] ; then\n    # print error to STDERR\n    echo \"error: The sandbox is not in sync with the Podfile.lock. Run 'pod install' or update your CocoaPods installation.\" >&2\n    exit 1\nfi\n";
			showEnvVarsInLog = 0;
		};
		95DD16AFE1A7661BD14CDA60 /* [CP] Copy Pods Resources */ = {
			isa = PBXShellScriptBuildPhase;
			buildActionMask = 2147483647;
			files = (
			);
			inputPaths = (
			);
			name = "[CP] Copy Pods Resources";
			outputPaths = (
			);
			runOnlyForDeploymentPostprocessing = 0;
			shellPath = /bin/sh;
			shellScript = "\"${SRCROOT}/Pods/Target Support Files/Pods-desafio-ios/Pods-desafio-ios-resources.sh\"\n";
			showEnvVarsInLog = 0;
		};
		A67008DAB4C674A82DECEBFB /* [CP] Copy Pods Resources */ = {
			isa = PBXShellScriptBuildPhase;
			buildActionMask = 2147483647;
			files = (
			);
			inputPaths = (
			);
			name = "[CP] Copy Pods Resources";
			outputPaths = (
			);
			runOnlyForDeploymentPostprocessing = 0;
			shellPath = /bin/sh;
			shellScript = "\"${SRCROOT}/Pods/Target Support Files/Pods-desafio-iosUITests/Pods-desafio-iosUITests-resources.sh\"\n";
			showEnvVarsInLog = 0;
		};
		E792FF3312125F118EFD4304 /* [CP] Embed Pods Frameworks */ = {
			isa = PBXShellScriptBuildPhase;
			buildActionMask = 2147483647;
			files = (
			);
			inputPaths = (
			);
			name = "[CP] Embed Pods Frameworks";
			outputPaths = (
			);
			runOnlyForDeploymentPostprocessing = 0;
			shellPath = /bin/sh;
			shellScript = "\"${SRCROOT}/Pods/Target Support Files/Pods-desafio-iosUITests/Pods-desafio-iosUITests-frameworks.sh\"\n";
			showEnvVarsInLog = 0;
		};
		EADA509150E349ABA725459A /* [CP] Check Pods Manifest.lock */ = {
			isa = PBXShellScriptBuildPhase;
			buildActionMask = 2147483647;
			files = (
			);
			inputPaths = (
			);
			name = "[CP] Check Pods Manifest.lock";
			outputPaths = (
			);
			runOnlyForDeploymentPostprocessing = 0;
			shellPath = /bin/sh;
			shellScript = "diff \"${PODS_ROOT}/../Podfile.lock\" \"${PODS_ROOT}/Manifest.lock\" > /dev/null\nif [ $? != 0 ] ; then\n    # print error to STDERR\n    echo \"error: The sandbox is not in sync with the Podfile.lock. Run 'pod install' or update your CocoaPods installation.\" >&2\n    exit 1\nfi\n";
			showEnvVarsInLog = 0;
		};
/* End PBXShellScriptBuildPhase section */

/* Begin PBXSourcesBuildPhase section */
		BE1B366E1E1BD13300091A27 /* Sources */ = {
			isa = PBXSourcesBuildPhase;
			buildActionMask = 2147483647;
			files = (
				BE1B36781E1BD13300091A27 /* ViewController.swift in Sources */,
				BE1B36761E1BD13300091A27 /* AppDelegate.swift in Sources */,
			);
			runOnlyForDeploymentPostprocessing = 0;
		};
		BE1B36821E1BD13300091A27 /* Sources */ = {
			isa = PBXSourcesBuildPhase;
			buildActionMask = 2147483647;
			files = (
				BE1B368B1E1BD13300091A27 /* desafio_iosTests.swift in Sources */,
			);
			runOnlyForDeploymentPostprocessing = 0;
		};
		BE1B368D1E1BD13300091A27 /* Sources */ = {
			isa = PBXSourcesBuildPhase;
			buildActionMask = 2147483647;
			files = (
				BE1B36961E1BD13300091A27 /* desafio_iosUITests.swift in Sources */,
			);
			runOnlyForDeploymentPostprocessing = 0;
		};
/* End PBXSourcesBuildPhase section */

/* Begin PBXTargetDependency section */
		BE1B36881E1BD13300091A27 /* PBXTargetDependency */ = {
			isa = PBXTargetDependency;
			target = BE1B36711E1BD13300091A27 /* desafio-ios */;
			targetProxy = BE1B36871E1BD13300091A27 /* PBXContainerItemProxy */;
		};
		BE1B36931E1BD13300091A27 /* PBXTargetDependency */ = {
			isa = PBXTargetDependency;
			target = BE1B36711E1BD13300091A27 /* desafio-ios */;
			targetProxy = BE1B36921E1BD13300091A27 /* PBXContainerItemProxy */;
		};
/* End PBXTargetDependency section */

/* Begin PBXVariantGroup section */
		BE1B36791E1BD13300091A27 /* Main.storyboard */ = {
			isa = PBXVariantGroup;
			children = (
				BE1B367A1E1BD13300091A27 /* Base */,
			);
			name = Main.storyboard;
			sourceTree = "<group>";
		};
		BE1B367E1E1BD13300091A27 /* LaunchScreen.storyboard */ = {
			isa = PBXVariantGroup;
			children = (
				BE1B367F1E1BD13300091A27 /* Base */,
			);
			name = LaunchScreen.storyboard;
			sourceTree = "<group>";
		};
/* End PBXVariantGroup section */

/* Begin XCBuildConfiguration section */
		BE1B36981E1BD13300091A27 /* Debug */ = {
			isa = XCBuildConfiguration;
			buildSettings = {
				ALWAYS_SEARCH_USER_PATHS = NO;
				CLANG_ANALYZER_NONNULL = YES;
				CLANG_CXX_LANGUAGE_STANDARD = "gnu++0x";
				CLANG_CXX_LIBRARY = "libc++";
				CLANG_ENABLE_MODULES = YES;
				CLANG_ENABLE_OBJC_ARC = YES;
				CLANG_WARN_BOOL_CONVERSION = YES;
				CLANG_WARN_CONSTANT_CONVERSION = YES;
				CLANG_WARN_DIRECT_OBJC_ISA_USAGE = YES_ERROR;
				CLANG_WARN_DOCUMENTATION_COMMENTS = YES;
				CLANG_WARN_EMPTY_BODY = YES;
				CLANG_WARN_ENUM_CONVERSION = YES;
				CLANG_WARN_INFINITE_RECURSION = YES;
				CLANG_WARN_INT_CONVERSION = YES;
				CLANG_WARN_OBJC_ROOT_CLASS = YES_ERROR;
				CLANG_WARN_SUSPICIOUS_MOVE = YES;
				CLANG_WARN_UNREACHABLE_CODE = YES;
				CLANG_WARN__DUPLICATE_METHOD_MATCH = YES;
				"CODE_SIGN_IDENTITY[sdk=iphoneos*]" = "iPhone Developer";
				COPY_PHASE_STRIP = NO;
				DEBUG_INFORMATION_FORMAT = dwarf;
				ENABLE_STRICT_OBJC_MSGSEND = YES;
				ENABLE_TESTABILITY = YES;
				GCC_C_LANGUAGE_STANDARD = gnu99;
				GCC_DYNAMIC_NO_PIC = NO;
				GCC_NO_COMMON_BLOCKS = YES;
				GCC_OPTIMIZATION_LEVEL = 0;
				GCC_PREPROCESSOR_DEFINITIONS = (
					"DEBUG=1",
					"$(inherited)",
				);
				GCC_WARN_64_TO_32_BIT_CONVERSION = YES;
				GCC_WARN_ABOUT_RETURN_TYPE = YES_ERROR;
				GCC_WARN_UNDECLARED_SELECTOR = YES;
				GCC_WARN_UNINITIALIZED_AUTOS = YES_AGGRESSIVE;
				GCC_WARN_UNUSED_FUNCTION = YES;
				GCC_WARN_UNUSED_VARIABLE = YES;
				IPHONEOS_DEPLOYMENT_TARGET = 10.2;
				MTL_ENABLE_DEBUG_INFO = YES;
				ONLY_ACTIVE_ARCH = YES;
				SDKROOT = iphoneos;
				SWIFT_ACTIVE_COMPILATION_CONDITIONS = DEBUG;
				SWIFT_OPTIMIZATION_LEVEL = "-Onone";
			};
			name = Debug;
		};
		BE1B36991E1BD13300091A27 /* Release */ = {
			isa = XCBuildConfiguration;
			buildSettings = {
				ALWAYS_SEARCH_USER_PATHS = NO;
				CLANG_ANALYZER_NONNULL = YES;
				CLANG_CXX_LANGUAGE_STANDARD = "gnu++0x";
				CLANG_CXX_LIBRARY = "libc++";
				CLANG_ENABLE_MODULES = YES;
				CLANG_ENABLE_OBJC_ARC = YES;
				CLANG_WARN_BOOL_CONVERSION = YES;
				CLANG_WARN_CONSTANT_CONVERSION = YES;
				CLANG_WARN_DIRECT_OBJC_ISA_USAGE = YES_ERROR;
				CLANG_WARN_DOCUMENTATION_COMMENTS = YES;
				CLANG_WARN_EMPTY_BODY = YES;
				CLANG_WARN_ENUM_CONVERSION = YES;
				CLANG_WARN_INFINITE_RECURSION = YES;
				CLANG_WARN_INT_CONVERSION = YES;
				CLANG_WARN_OBJC_ROOT_CLASS = YES_ERROR;
				CLANG_WARN_SUSPICIOUS_MOVE = YES;
				CLANG_WARN_UNREACHABLE_CODE = YES;
				CLANG_WARN__DUPLICATE_METHOD_MATCH = YES;
				"CODE_SIGN_IDENTITY[sdk=iphoneos*]" = "iPhone Developer";
				COPY_PHASE_STRIP = NO;
				DEBUG_INFORMATION_FORMAT = "dwarf-with-dsym";
				ENABLE_NS_ASSERTIONS = NO;
				ENABLE_STRICT_OBJC_MSGSEND = YES;
				GCC_C_LANGUAGE_STANDARD = gnu99;
				GCC_NO_COMMON_BLOCKS = YES;
				GCC_WARN_64_TO_32_BIT_CONVERSION = YES;
				GCC_WARN_ABOUT_RETURN_TYPE = YES_ERROR;
				GCC_WARN_UNDECLARED_SELECTOR = YES;
				GCC_WARN_UNINITIALIZED_AUTOS = YES_AGGRESSIVE;
				GCC_WARN_UNUSED_FUNCTION = YES;
				GCC_WARN_UNUSED_VARIABLE = YES;
				IPHONEOS_DEPLOYMENT_TARGET = 10.2;
				MTL_ENABLE_DEBUG_INFO = NO;
				SDKROOT = iphoneos;
				SWIFT_OPTIMIZATION_LEVEL = "-Owholemodule";
				VALIDATE_PRODUCT = YES;
			};
			name = Release;
		};
		BE1B369B1E1BD13300091A27 /* Debug */ = {
			isa = XCBuildConfiguration;
			baseConfigurationReference = 4E231FAA8D4AD93D7C22CE33 /* Pods-desafio-ios.debug.xcconfig */;
			buildSettings = {
				ALWAYS_EMBED_SWIFT_STANDARD_LIBRARIES = YES;
				ASSETCATALOG_COMPILER_APPICON_NAME = AppIcon;
				DEVELOPMENT_TEAM = N88S4A5QL4;
				INFOPLIST_FILE = "desafio-ios/Info.plist";
				IPHONEOS_DEPLOYMENT_TARGET = 8.0;
				LD_RUNPATH_SEARCH_PATHS = "$(inherited) @executable_path/Frameworks";
				PRODUCT_BUNDLE_IDENTIFIER = "com.arena.desafio-ios";
				PRODUCT_NAME = "$(TARGET_NAME)";
				SWIFT_VERSION = 3.0;
			};
			name = Debug;
		};
		BE1B369C1E1BD13300091A27 /* Release */ = {
			isa = XCBuildConfiguration;
			baseConfigurationReference = 6D57D9A181E5482ED7D5BF7D /* Pods-desafio-ios.release.xcconfig */;
			buildSettings = {
				ALWAYS_EMBED_SWIFT_STANDARD_LIBRARIES = YES;
				ASSETCATALOG_COMPILER_APPICON_NAME = AppIcon;
				DEVELOPMENT_TEAM = N88S4A5QL4;
				INFOPLIST_FILE = "desafio-ios/Info.plist";
				IPHONEOS_DEPLOYMENT_TARGET = 8.0;
				LD_RUNPATH_SEARCH_PATHS = "$(inherited) @executable_path/Frameworks";
				PRODUCT_BUNDLE_IDENTIFIER = "com.arena.desafio-ios";
				PRODUCT_NAME = "$(TARGET_NAME)";
				SWIFT_VERSION = 3.0;
			};
			name = Release;
		};
		BE1B369E1E1BD13300091A27 /* Debug */ = {
			isa = XCBuildConfiguration;
			baseConfigurationReference = 2DD43658359E339FD21D586D /* Pods-desafio-iosTests.debug.xcconfig */;
			buildSettings = {
				ALWAYS_EMBED_SWIFT_STANDARD_LIBRARIES = YES;
				BUNDLE_LOADER = "$(TEST_HOST)";
				DEVELOPMENT_TEAM = N88S4A5QL4;
				INFOPLIST_FILE = "desafio-iosTests/Info.plist";
				LD_RUNPATH_SEARCH_PATHS = "$(inherited) @executable_path/Frameworks @loader_path/Frameworks";
				PRODUCT_BUNDLE_IDENTIFIER = "com.arena.desafio-iosTests";
				PRODUCT_NAME = "$(TARGET_NAME)";
				SWIFT_VERSION = 3.0;
				TEST_HOST = "$(BUILT_PRODUCTS_DIR)/desafio-ios.app/desafio-ios";
			};
			name = Debug;
		};
		BE1B369F1E1BD13300091A27 /* Release */ = {
			isa = XCBuildConfiguration;
			baseConfigurationReference = 86A80AFA51D37675EDDAB70F /* Pods-desafio-iosTests.release.xcconfig */;
			buildSettings = {
				ALWAYS_EMBED_SWIFT_STANDARD_LIBRARIES = YES;
				BUNDLE_LOADER = "$(TEST_HOST)";
				DEVELOPMENT_TEAM = N88S4A5QL4;
				INFOPLIST_FILE = "desafio-iosTests/Info.plist";
				LD_RUNPATH_SEARCH_PATHS = "$(inherited) @executable_path/Frameworks @loader_path/Frameworks";
				PRODUCT_BUNDLE_IDENTIFIER = "com.arena.desafio-iosTests";
				PRODUCT_NAME = "$(TARGET_NAME)";
				SWIFT_VERSION = 3.0;
				TEST_HOST = "$(BUILT_PRODUCTS_DIR)/desafio-ios.app/desafio-ios";
			};
			name = Release;
		};
		BE1B36A11E1BD13300091A27 /* Debug */ = {
			isa = XCBuildConfiguration;
			baseConfigurationReference = 80282B1125DEB8F9C506530F /* Pods-desafio-iosUITests.debug.xcconfig */;
			buildSettings = {
				ALWAYS_EMBED_SWIFT_STANDARD_LIBRARIES = YES;
				DEVELOPMENT_TEAM = N88S4A5QL4;
				INFOPLIST_FILE = "desafio-iosUITests/Info.plist";
				LD_RUNPATH_SEARCH_PATHS = "$(inherited) @executable_path/Frameworks @loader_path/Frameworks";
				PRODUCT_BUNDLE_IDENTIFIER = "com.arena.desafio-iosUITests";
				PRODUCT_NAME = "$(TARGET_NAME)";
				SWIFT_VERSION = 3.0;
				TEST_TARGET_NAME = "desafio-ios";
			};
			name = Debug;
		};
		BE1B36A21E1BD13300091A27 /* Release */ = {
			isa = XCBuildConfiguration;
			baseConfigurationReference = B309E85550045BB7A970AA9A /* Pods-desafio-iosUITests.release.xcconfig */;
			buildSettings = {
				ALWAYS_EMBED_SWIFT_STANDARD_LIBRARIES = YES;
				DEVELOPMENT_TEAM = N88S4A5QL4;
				INFOPLIST_FILE = "desafio-iosUITests/Info.plist";
				LD_RUNPATH_SEARCH_PATHS = "$(inherited) @executable_path/Frameworks @loader_path/Frameworks";
				PRODUCT_BUNDLE_IDENTIFIER = "com.arena.desafio-iosUITests";
				PRODUCT_NAME = "$(TARGET_NAME)";
				SWIFT_VERSION = 3.0;
				TEST_TARGET_NAME = "desafio-ios";
			};
			name = Release;
		};
/* End XCBuildConfiguration section */

/* Begin XCConfigurationList section */
		BE1B366D1E1BD13300091A27 /* Build configuration list for PBXProject "desafio-ios" */ = {
			isa = XCConfigurationList;
			buildConfigurations = (
				BE1B36981E1BD13300091A27 /* Debug */,
				BE1B36991E1BD13300091A27 /* Release */,
			);
			defaultConfigurationIsVisible = 0;
			defaultConfigurationName = Release;
		};
		BE1B369A1E1BD13300091A27 /* Build configuration list for PBXNativeTarget "desafio-ios" */ = {
			isa = XCConfigurationList;
			buildConfigurations = (
				BE1B369B1E1BD13300091A27 /* Debug */,
				BE1B369C1E1BD13300091A27 /* Release */,
			);
			defaultConfigurationIsVisible = 0;
			defaultConfigurationName = Release;
		};
		BE1B369D1E1BD13300091A27 /* Build configuration list for PBXNativeTarget "desafio-iosTests" */ = {
			isa = XCConfigurationList;
			buildConfigurations = (
				BE1B369E1E1BD13300091A27 /* Debug */,
				BE1B369F1E1BD13300091A27 /* Release */,
			);
			defaultConfigurationIsVisible = 0;
			defaultConfigurationName = Release;
		};
		BE1B36A01E1BD13300091A27 /* Build configuration list for PBXNativeTarget "desafio-iosUITests" */ = {
			isa = XCConfigurationList;
			buildConfigurations = (
				BE1B36A11E1BD13300091A27 /* Debug */,
				BE1B36A21E1BD13300091A27 /* Release */,
			);
			defaultConfigurationIsVisible = 0;
			defaultConfigurationName = Release;
		};
/* End XCConfigurationList section */
	};
	rootObject = BE1B366A1E1BD13300091A27 /* Project object */;
}
